Microsoft Visual Studio Solution File, Format Version 12.00
# Visual Studio Version 17
VisualStudioVersion = 17.5.2.0
MinimumVisualStudioVersion = 10.0.40219.1
Project("{FAE04EC0-301F-11D3-BF4B-00C04F79EFBC}") = "DesafioClassHeroMissao8", "DesafioClassHeroMissao8.csproj", "{6AE42F16-A323-00C2-73D2-72ED494E79DC}"
EndProject
Global
	GlobalSection(SolutionConfigurationPlatforms) = preSolution
		Debug|Any CPU = Debug|Any CPU
		Release|Any CPU = Release|Any CPU
	EndGlobalSection
	GlobalSection(ProjectConfigurationPlatforms) = postSolution
		{6AE42F16-A323-00C2-73D2-72ED494E79DC}.Debug|Any CPU.ActiveCfg = Debug|Any CPU
		{6AE42F16-A323-00C2-73D2-72ED494E79DC}.Debug|Any CPU.Build.0 = Debug|Any CPU
		{6AE42F16-A323-00C2-73D2-72ED494E79DC}.Release|Any CPU.ActiveCfg = Release|Any CPU
		{6AE42F16-A323-00C2-73D2-72ED494E79DC}.Release|Any CPU.Build.0 = Release|Any CPU
	EndGlobalSection
	GlobalSection(SolutionProperties) = preSolution
		HideSolutionNode = FALSE
	EndGlobalSection
	GlobalSection(ExtensibilityGlobals) = postSolution
		SolutionGuid = {D035C02C-B7EB-4D61-B23D-B1A890144FD0}
	EndGlobalSection
EndGlobal
